// !$*UTF8*$!
{
	archiveVersion = 1;
	classes = {
	};
	objectVersion = 50;
	objects = {

/* Begin PBXBuildFile section */
		942B38AC24DDD2FC00F3E230 /* SWRevealViewController.m in Sources */ = {isa = PBXBuildFile; fileRef = 942B38AB24DDD2FC00F3E230 /* SWRevealViewController.m */; };
		94B4DADA24E46533001EC5B3 /* ChatVC.swift in Sources */ = {isa = PBXBuildFile; fileRef = 94B4DAD924E46533001EC5B3 /* ChatVC.swift */; };
		94B4DADC24E46546001EC5B3 /* ChannelVC.swift in Sources */ = {isa = PBXBuildFile; fileRef = 94B4DADB24E46546001EC5B3 /* ChannelVC.swift */; };
		94B7A6BC24DDB9DC00E04D36 /* AppDelegate.swift in Sources */ = {isa = PBXBuildFile; fileRef = 94B7A6BB24DDB9DC00E04D36 /* AppDelegate.swift */; };
		94B7A6BE24DDB9DC00E04D36 /* SceneDelegate.swift in Sources */ = {isa = PBXBuildFile; fileRef = 94B7A6BD24DDB9DC00E04D36 /* SceneDelegate.swift */; };
		94B7A6C324DDB9DC00E04D36 /* Main.storyboard in Resources */ = {isa = PBXBuildFile; fileRef = 94B7A6C124DDB9DC00E04D36 /* Main.storyboard */; };
		94B7A6C524DDB9DD00E04D36 /* Assets.xcassets in Resources */ = {isa = PBXBuildFile; fileRef = 94B7A6C424DDB9DD00E04D36 /* Assets.xcassets */; };
		94B7A6C824DDB9DD00E04D36 /* LaunchScreen.storyboard in Resources */ = {isa = PBXBuildFile; fileRef = 94B7A6C624DDB9DD00E04D36 /* LaunchScreen.storyboard */; };
		94B7A6D324DDB9DE00E04D36 /* SmackTests.swift in Sources */ = {isa = PBXBuildFile; fileRef = 94B7A6D224DDB9DE00E04D36 /* SmackTests.swift */; };
		94B7A6DE24DDB9DE00E04D36 /* SmackUITests.swift in Sources */ = {isa = PBXBuildFile; fileRef = 94B7A6DD24DDB9DE00E04D36 /* SmackUITests.swift */; };
		D8493327924CA48D81A356D9 /* Pods_Smack.framework in Frameworks */ = {isa = PBXBuildFile; fileRef = 89AAFFA7023824949D5CBB6F /* Pods_Smack.framework */; };
/* End PBXBuildFile section */

/* Begin PBXContainerItemProxy section */
		94B7A6CF24DDB9DE00E04D36 /* PBXContainerItemProxy */ = {
			isa = PBXContainerItemProxy;
			containerPortal = 94B7A6B024DDB9DC00E04D36 /* Project object */;
			proxyType = 1;
			remoteGlobalIDString = 94B7A6B724DDB9DC00E04D36;
			remoteInfo = Smack;
		};
		94B7A6DA24DDB9DE00E04D36 /* PBXContainerItemProxy */ = {
			isa = PBXContainerItemProxy;
			containerPortal = 94B7A6B024DDB9DC00E04D36 /* Project object */;
			proxyType = 1;
			remoteGlobalIDString = 94B7A6B724DDB9DC00E04D36;
			remoteInfo = Smack;
		};
/* End PBXContainerItemProxy section */

/* Begin PBXFileReference section */
		47BA4DAC136D4952D9EB8AF9 /* Pods-Smack.debug.xcconfig */ = {isa = PBXFileReference; includeInIndex = 1; lastKnownFileType = text.xcconfig; name = "Pods-Smack.debug.xcconfig"; path = "Pods/Target Support Files/Pods-Smack/Pods-Smack.debug.xcconfig"; sourceTree = "<group>"; };
		89AAFFA7023824949D5CBB6F /* Pods_Smack.framework */ = {isa = PBXFileReference; explicitFileType = wrapper.framework; includeInIndex = 0; path = Pods_Smack.framework; sourceTree = BUILT_PRODUCTS_DIR; };
		942B38AA24DDD2FB00F3E230 /* Smack-Bridging-Header.h */ = {isa = PBXFileReference; lastKnownFileType = sourcecode.c.h; path = "Smack-Bridging-Header.h"; sourceTree = "<group>"; };
		942B38AB24DDD2FC00F3E230 /* SWRevealViewController.m */ = {isa = PBXFileReference; fileEncoding = 4; lastKnownFileType = sourcecode.c.objc; path = SWRevealViewController.m; sourceTree = "<group>"; };
		942B38AD24DDD34300F3E230 /* SWRevealViewController.h */ = {isa = PBXFileReference; lastKnownFileType = sourcecode.c.h; path = SWRevealViewController.h; sourceTree = "<group>"; };
		94B4DAD924E46533001EC5B3 /* ChatVC.swift */ = {isa = PBXFileReference; lastKnownFileType = sourcecode.swift; path = ChatVC.swift; sourceTree = "<group>"; };
		94B4DADB24E46546001EC5B3 /* ChannelVC.swift */ = {isa = PBXFileReference; lastKnownFileType = sourcecode.swift; path = ChannelVC.swift; sourceTree = "<group>"; };
		94B7A6B824DDB9DC00E04D36 /* Smack.app */ = {isa = PBXFileReference; explicitFileType = wrapper.application; includeInIndex = 0; path = Smack.app; sourceTree = BUILT_PRODUCTS_DIR; };
		94B7A6BB24DDB9DC00E04D36 /* AppDelegate.swift */ = {isa = PBXFileReference; lastKnownFileType = sourcecode.swift; path = AppDelegate.swift; sourceTree = "<group>"; };
		94B7A6BD24DDB9DC00E04D36 /* SceneDelegate.swift */ = {isa = PBXFileReference; lastKnownFileType = sourcecode.swift; path = SceneDelegate.swift; sourceTree = "<group>"; };
		94B7A6C224DDB9DC00E04D36 /* Base */ = {isa = PBXFileReference; lastKnownFileType = file.storyboard; name = Base; path = Base.lproj/Main.storyboard; sourceTree = "<group>"; };
		94B7A6C424DDB9DD00E04D36 /* Assets.xcassets */ = {isa = PBXFileReference; lastKnownFileType = folder.assetcatalog; path = Assets.xcassets; sourceTree = "<group>"; };
		94B7A6C724DDB9DD00E04D36 /* Base */ = {isa = PBXFileReference; lastKnownFileType = file.storyboard; name = Base; path = Base.lproj/LaunchScreen.storyboard; sourceTree = "<group>"; };
		94B7A6C924DDB9DD00E04D36 /* Info.plist */ = {isa = PBXFileReference; lastKnownFileType = text.plist.xml; path = Info.plist; sourceTree = "<group>"; };
		94B7A6CE24DDB9DE00E04D36 /* SmackTests.xctest */ = {isa = PBXFileReference; explicitFileType = wrapper.cfbundle; includeInIndex = 0; path = SmackTests.xctest; sourceTree = BUILT_PRODUCTS_DIR; };
		94B7A6D224DDB9DE00E04D36 /* SmackTests.swift */ = {isa = PBXFileReference; lastKnownFileType = sourcecode.swift; path = SmackTests.swift; sourceTree = "<group>"; };
		94B7A6D424DDB9DE00E04D36 /* Info.plist */ = {isa = PBXFileReference; lastKnownFileType = text.plist.xml; path = Info.plist; sourceTree = "<group>"; };
		94B7A6D924DDB9DE00E04D36 /* SmackUITests.xctest */ = {isa = PBXFileReference; explicitFileType = wrapper.cfbundle; includeInIndex = 0; path = SmackUITests.xctest; sourceTree = BUILT_PRODUCTS_DIR; };
		94B7A6DD24DDB9DE00E04D36 /* SmackUITests.swift */ = {isa = PBXFileReference; lastKnownFileType = sourcecode.swift; path = SmackUITests.swift; sourceTree = "<group>"; };
		94B7A6DF24DDB9DE00E04D36 /* Info.plist */ = {isa = PBXFileReference; lastKnownFileType = text.plist.xml; path = Info.plist; sourceTree = "<group>"; };
		C5B1238E7FCF1ACBCB9140B7 /* Pods-Smack.release.xcconfig */ = {isa = PBXFileReference; includeInIndex = 1; lastKnownFileType = text.xcconfig; name = "Pods-Smack.release.xcconfig"; path = "Pods/Target Support Files/Pods-Smack/Pods-Smack.release.xcconfig"; sourceTree = "<group>"; };
/* End PBXFileReference section */

/* Begin PBXFrameworksBuildPhase section */
		94B7A6B524DDB9DC00E04D36 /* Frameworks */ = {
			isa = PBXFrameworksBuildPhase;
			buildActionMask = 2147483647;
			files = (
				D8493327924CA48D81A356D9 /* Pods_Smack.framework in Frameworks */,
			);
			runOnlyForDeploymentPostprocessing = 0;
		};
		94B7A6CB24DDB9DE00E04D36 /* Frameworks */ = {
			isa = PBXFrameworksBuildPhase;
			buildActionMask = 2147483647;
			files = (
			);
			runOnlyForDeploymentPostprocessing = 0;
		};
		94B7A6D624DDB9DE00E04D36 /* Frameworks */ = {
			isa = PBXFrameworksBuildPhase;
			buildActionMask = 2147483647;
			files = (
			);
			runOnlyForDeploymentPostprocessing = 0;
		};
/* End PBXFrameworksBuildPhase section */

/* Begin PBXGroup section */
		7F8D89674F90A4BB58B7E988 /* Pods */ = {
			isa = PBXGroup;
			children = (
				47BA4DAC136D4952D9EB8AF9 /* Pods-Smack.debug.xcconfig */,
				C5B1238E7FCF1ACBCB9140B7 /* Pods-Smack.release.xcconfig */,
			);
			name = Pods;
			sourceTree = "<group>";
		};
		942B38A924DDD2AB00F3E230 /* Supporting Files */ = {
			isa = PBXGroup;
			children = (
				942B38AD24DDD34300F3E230 /* SWRevealViewController.h */,
				942B38AB24DDD2FC00F3E230 /* SWRevealViewController.m */,
				942B38AA24DDD2FB00F3E230 /* Smack-Bridging-Header.h */,
			);
			path = "Supporting Files";
			sourceTree = "<group>";
		};
		94B4DAD624E464F1001EC5B3 /* Controller */ = {
			isa = PBXGroup;
			children = (
				94B4DAD924E46533001EC5B3 /* ChatVC.swift */,
				94B4DADB24E46546001EC5B3 /* ChannelVC.swift */,
			);
			path = Controller;
			sourceTree = "<group>";
		};
		94B4DAD724E464FC001EC5B3 /* View */ = {
			isa = PBXGroup;
			children = (
			);
			path = View;
			sourceTree = "<group>";
		};
		94B4DAD824E46502001EC5B3 /* Model */ = {
			isa = PBXGroup;
			children = (
			);
			path = Model;
			sourceTree = "<group>";
		};
		94B7A6AF24DDB9DC00E04D36 = {
			isa = PBXGroup;
			children = (
				94B7A6BA24DDB9DC00E04D36 /* Smack */,
				94B7A6D124DDB9DE00E04D36 /* SmackTests */,
				94B7A6DC24DDB9DE00E04D36 /* SmackUITests */,
				94B7A6B924DDB9DC00E04D36 /* Products */,
				7F8D89674F90A4BB58B7E988 /* Pods */,
				9772B2DAA8C8576ADD1D7D31 /* Frameworks */,
			);
			sourceTree = "<group>";
		};
		94B7A6B924DDB9DC00E04D36 /* Products */ = {
			isa = PBXGroup;
			children = (
				94B7A6B824DDB9DC00E04D36 /* Smack.app */,
				94B7A6CE24DDB9DE00E04D36 /* SmackTests.xctest */,
				94B7A6D924DDB9DE00E04D36 /* SmackUITests.xctest */,
			);
			name = Products;
			sourceTree = "<group>";
		};
		94B7A6BA24DDB9DC00E04D36 /* Smack */ = {
			isa = PBXGroup;
			children = (
				94B4DAD824E46502001EC5B3 /* Model */,
				94B4DAD724E464FC001EC5B3 /* View */,
				94B4DAD624E464F1001EC5B3 /* Controller */,
				942B38A924DDD2AB00F3E230 /* Supporting Files */,
				94B7A6BB24DDB9DC00E04D36 /* AppDelegate.swift */,
				94B7A6BD24DDB9DC00E04D36 /* SceneDelegate.swift */,
				94B7A6C124DDB9DC00E04D36 /* Main.storyboard */,
				94B7A6C424DDB9DD00E04D36 /* Assets.xcassets */,
				94B7A6C624DDB9DD00E04D36 /* LaunchScreen.storyboard */,
				94B7A6C924DDB9DD00E04D36 /* Info.plist */,
			);
			path = Smack;
			sourceTree = "<group>";
		};
		94B7A6D124DDB9DE00E04D36 /* SmackTests */ = {
			isa = PBXGroup;
			children = (
				94B7A6D224DDB9DE00E04D36 /* SmackTests.swift */,
				94B7A6D424DDB9DE00E04D36 /* Info.plist */,
			);
			path = SmackTests;
			sourceTree = "<group>";
		};
		94B7A6DC24DDB9DE00E04D36 /* SmackUITests */ = {
			isa = PBXGroup;
			children = (
				94B7A6DD24DDB9DE00E04D36 /* SmackUITests.swift */,
				94B7A6DF24DDB9DE00E04D36 /* Info.plist */,
			);
			path = SmackUITests;
			sourceTree = "<group>";
		};
		9772B2DAA8C8576ADD1D7D31 /* Frameworks */ = {
			isa = PBXGroup;
			children = (
				89AAFFA7023824949D5CBB6F /* Pods_Smack.framework */,
			);
			name = Frameworks;
			sourceTree = "<group>";
		};
/* End PBXGroup section */

/* Begin PBXNativeTarget section */
		94B7A6B724DDB9DC00E04D36 /* Smack */ = {
			isa = PBXNativeTarget;
			buildConfigurationList = 94B7A6E224DDB9DE00E04D36 /* Build configuration list for PBXNativeTarget "Smack" */;
			buildPhases = (
				331BC701DD723187A5860824 /* [CP] Check Pods Manifest.lock */,
				94B7A6B424DDB9DC00E04D36 /* Sources */,
				94B7A6B524DDB9DC00E04D36 /* Frameworks */,
				94B7A6B624DDB9DC00E04D36 /* Resources */,
				585BA5D04F0B7395FF4D96E1 /* [CP] Embed Pods Frameworks */,
			);
			buildRules = (
			);
			dependencies = (
			);
			name = Smack;
			productName = Smack;
			productReference = 94B7A6B824DDB9DC00E04D36 /* Smack.app */;
			productType = "com.apple.product-type.application";
		};
		94B7A6CD24DDB9DE00E04D36 /* SmackTests */ = {
			isa = PBXNativeTarget;
			buildConfigurationList = 94B7A6E524DDB9DE00E04D36 /* Build configuration list for PBXNativeTarget "SmackTests" */;
			buildPhases = (
				94B7A6CA24DDB9DE00E04D36 /* Sources */,
				94B7A6CB24DDB9DE00E04D36 /* Frameworks */,
				94B7A6CC24DDB9DE00E04D36 /* Resources */,
			);
			buildRules = (
			);
			dependencies = (
				94B7A6D024DDB9DE00E04D36 /* PBXTargetDependency */,
			);
			name = SmackTests;
			productName = SmackTests;
			productReference = 94B7A6CE24DDB9DE00E04D36 /* SmackTests.xctest */;
			productType = "com.apple.product-type.bundle.unit-test";
		};
		94B7A6D824DDB9DE00E04D36 /* SmackUITests */ = {
			isa = PBXNativeTarget;
			buildConfigurationList = 94B7A6E824DDB9DE00E04D36 /* Build configuration list for PBXNativeTarget "SmackUITests" */;
			buildPhases = (
				94B7A6D524DDB9DE00E04D36 /* Sources */,
				94B7A6D624DDB9DE00E04D36 /* Frameworks */,
				94B7A6D724DDB9DE00E04D36 /* Resources */,
			);
			buildRules = (
			);
			dependencies = (
				94B7A6DB24DDB9DE00E04D36 /* PBXTargetDependency */,
			);
			name = SmackUITests;
			productName = SmackUITests;
			productReference = 94B7A6D924DDB9DE00E04D36 /* SmackUITests.xctest */;
			productType = "com.apple.product-type.bundle.ui-testing";
		};
/* End PBXNativeTarget section */

/* Begin PBXProject section */
		94B7A6B024DDB9DC00E04D36 /* Project object */ = {
			isa = PBXProject;
			attributes = {
				LastSwiftUpdateCheck = 1200;
				LastUpgradeCheck = 1200;
				TargetAttributes = {
					94B7A6B724DDB9DC00E04D36 = {
						CreatedOnToolsVersion = 12.0;
						LastSwiftMigration = 1200;
					};
					94B7A6CD24DDB9DE00E04D36 = {
						CreatedOnToolsVersion = 12.0;
						TestTargetID = 94B7A6B724DDB9DC00E04D36;
					};
					94B7A6D824DDB9DE00E04D36 = {
						CreatedOnToolsVersion = 12.0;
						TestTargetID = 94B7A6B724DDB9DC00E04D36;
					};
				};
			};
			buildConfigurationList = 94B7A6B324DDB9DC00E04D36 /* Build configuration list for PBXProject "Smack" */;
			compatibilityVersion = "Xcode 9.3";
			developmentRegion = en;
			hasScannedForEncodings = 0;
			knownRegions = (
				en,
				Base,
			);
			mainGroup = 94B7A6AF24DDB9DC00E04D36;
			productRefGroup = 94B7A6B924DDB9DC00E04D36 /* Products */;
			projectDirPath = "";
			projectRoot = "";
			targets = (
				94B7A6B724DDB9DC00E04D36 /* Smack */,
				94B7A6CD24DDB9DE00E04D36 /* SmackTests */,
				94B7A6D824DDB9DE00E04D36 /* SmackUITests */,
			);
		};
/* End PBXProject section */

/* Begin PBXResourcesBuildPhase section */
		94B7A6B624DDB9DC00E04D36 /* Resources */ = {
			isa = PBXResourcesBuildPhase;
			buildActionMask = 2147483647;
			files = (
				94B7A6C824DDB9DD00E04D36 /* LaunchScreen.storyboard in Resources */,
				94B7A6C524DDB9DD00E04D36 /* Assets.xcassets in Resources */,
				94B7A6C324DDB9DC00E04D36 /* Main.storyboard in Resources */,
			);
			runOnlyForDeploymentPostprocessing = 0;
		};
		94B7A6CC24DDB9DE00E04D36 /* Resources */ = {
			isa = PBXResourcesBuildPhase;
			buildActionMask = 2147483647;
			files = (
			);
			runOnlyForDeploymentPostprocessing = 0;
		};
		94B7A6D724DDB9DE00E04D36 /* Resources */ = {
			isa = PBXResourcesBuildPhase;
			buildActionMask = 2147483647;
			files = (
			);
			runOnlyForDeploymentPostprocessing = 0;
		};
/* End PBXResourcesBuildPhase section */

/* Begin PBXShellScriptBuildPhase section */
		331BC701DD723187A5860824 /* [CP] Check Pods Manifest.lock */ = {
			isa = PBXShellScriptBuildPhase;
			buildActionMask = 2147483647;
			files = (
			);
			inputPaths = (
				"${PODS_PODFILE_DIR_PATH}/Podfile.lock",
				"${PODS_ROOT}/Manifest.lock",
			);
			name = "[CP] Check Pods Manifest.lock";
			outputPaths = (
				"$(DERIVED_FILE_DIR)/Pods-Smack-checkManifestLockResult.txt",
			);
			runOnlyForDeploymentPostprocessing = 0;
			shellPath = /bin/sh;
			shellScript = "diff \"${PODS_PODFILE_DIR_PATH}/Podfile.lock\" \"${PODS_ROOT}/Manifest.lock\" > /dev/null\nif [ $? != 0 ] ; then\n    # print error to STDERR\n    echo \"error: The sandbox is not in sync with the Podfile.lock. Run 'pod install' or update your CocoaPods installation.\" >&2\n    exit 1\nfi\n# This output is used by Xcode 'outputs' to avoid re-running this script phase.\necho \"SUCCESS\" > \"${SCRIPT_OUTPUT_FILE_0}\"\n";
			showEnvVarsInLog = 0;
		};
		585BA5D04F0B7395FF4D96E1 /* [CP] Embed Pods Frameworks */ = {
			isa = PBXShellScriptBuildPhase;
			buildActionMask = 2147483647;
			files = (
			);
			inputPaths = (
				"${SRCROOT}/Pods/Target Support Files/Pods-Smack/Pods-Smack-frameworks.sh",
				"${BUILT_PRODUCTS_DIR}/Alamofire/Alamofire.framework",
				"${BUILT_PRODUCTS_DIR}/Socket.IO-Client-Swift/SocketIO.framework",
				"${BUILT_PRODUCTS_DIR}/Starscream/Starscream.framework",
				"${BUILT_PRODUCTS_DIR}/SwiftyJSON/SwiftyJSON.framework",
			);
			name = "[CP] Embed Pods Frameworks";
			outputPaths = (
				"${TARGET_BUILD_DIR}/${FRAMEWORKS_FOLDER_PATH}/Alamofire.framework",
				"${TARGET_BUILD_DIR}/${FRAMEWORKS_FOLDER_PATH}/SocketIO.framework",
				"${TARGET_BUILD_DIR}/${FRAMEWORKS_FOLDER_PATH}/Starscream.framework",
				"${TARGET_BUILD_DIR}/${FRAMEWORKS_FOLDER_PATH}/SwiftyJSON.framework",
			);
			runOnlyForDeploymentPostprocessing = 0;
			shellPath = /bin/sh;
			shellScript = "\"${SRCROOT}/Pods/Target Support Files/Pods-Smack/Pods-Smack-frameworks.sh\"\n";
			showEnvVarsInLog = 0;
		};
/* End PBXShellScriptBuildPhase section */

/* Begin PBXSourcesBuildPhase section */
		94B7A6B424DDB9DC00E04D36 /* Sources */ = {
			isa = PBXSourcesBuildPhase;
			buildActionMask = 2147483647;
			files = (
				94B4DADA24E46533001EC5B3 /* ChatVC.swift in Sources */,
				94B7A6BC24DDB9DC00E04D36 /* AppDelegate.swift in Sources */,
				94B7A6BE24DDB9DC00E04D36 /* SceneDelegate.swift in Sources */,
				942B38AC24DDD2FC00F3E230 /* SWRevealViewController.m in Sources */,
				94B4DADC24E46546001EC5B3 /* ChannelVC.swift in Sources */,
			);
			runOnlyForDeploymentPostprocessing = 0;
		};
		94B7A6CA24DDB9DE00E04D36 /* Sources */ = {
			isa = PBXSourcesBuildPhase;
			buildActionMask = 2147483647;
			files = (
				94B7A6D324DDB9DE00E04D36 /* SmackTests.swift in Sources */,
			);
			runOnlyForDeploymentPostprocessing = 0;
		};
		94B7A6D524DDB9DE00E04D36 /* Sources */ = {
			isa = PBXSourcesBuildPhase;
			buildActionMask = 2147483647;
			files = (
				94B7A6DE24DDB9DE00E04D36 /* SmackUITests.swift in Sources */,
			);
			runOnlyForDeploymentPostprocessing = 0;
		};
/* End PBXSourcesBuildPhase section */

/* Begin PBXTargetDependency section */
		94B7A6D024DDB9DE00E04D36 /* PBXTargetDependency */ = {
			isa = PBXTargetDependency;
			target = 94B7A6B724DDB9DC00E04D36 /* Smack */;
			targetProxy = 94B7A6CF24DDB9DE00E04D36 /* PBXContainerItemProxy */;
		};
		94B7A6DB24DDB9DE00E04D36 /* PBXTargetDependency */ = {
			isa = PBXTargetDependency;
			target = 94B7A6B724DDB9DC00E04D36 /* Smack */;
			targetProxy = 94B7A6DA24DDB9DE00E04D36 /* PBXContainerItemProxy */;
		};
/* End PBXTargetDependency section */

/* Begin PBXVariantGroup section */
		94B7A6C124DDB9DC00E04D36 /* Main.storyboard */ = {
			isa = PBXVariantGroup;
			children = (
				94B7A6C224DDB9DC00E04D36 /* Base */,
			);
			name = Main.storyboard;
			sourceTree = "<group>";
		};
		94B7A6C624DDB9DD00E04D36 /* LaunchScreen.storyboard */ = {
			isa = PBXVariantGroup;
			children = (
				94B7A6C724DDB9DD00E04D36 /* Base */,
			);
			name = LaunchScreen.storyboard;
			sourceTree = "<group>";
		};
/* End PBXVariantGroup section */

/* Begin XCBuildConfiguration section */
		94B7A6E024DDB9DE00E04D36 /* Debug */ = {
			isa = XCBuildConfiguration;
			buildSettings = {
				ALWAYS_SEARCH_USER_PATHS = NO;
				CLANG_ANALYZER_NONNULL = YES;
				CLANG_ANALYZER_NUMBER_OBJECT_CONVERSION = YES_AGGRESSIVE;
				CLANG_CXX_LANGUAGE_STANDARD = "gnu++14";
				CLANG_CXX_LIBRARY = "libc++";
				CLANG_ENABLE_MODULES = YES;
				CLANG_ENABLE_OBJC_ARC = YES;
				CLANG_ENABLE_OBJC_WEAK = YES;
				CLANG_WARN_BLOCK_CAPTURE_AUTORELEASING = YES;
				CLANG_WARN_BOOL_CONVERSION = YES;
				CLANG_WARN_COMMA = YES;
				CLANG_WARN_CONSTANT_CONVERSION = YES;
				CLANG_WARN_DEPRECATED_OBJC_IMPLEMENTATIONS = YES;
				CLANG_WARN_DIRECT_OBJC_ISA_USAGE = YES_ERROR;
				CLANG_WARN_DOCUMENTATION_COMMENTS = YES;
				CLANG_WARN_EMPTY_BODY = YES;
				CLANG_WARN_ENUM_CONVERSION = YES;
				CLANG_WARN_INFINITE_RECURSION = YES;
				CLANG_WARN_INT_CONVERSION = YES;
				CLANG_WARN_NON_LITERAL_NULL_CONVERSION = YES;
				CLANG_WARN_OBJC_IMPLICIT_RETAIN_SELF = YES;
				CLANG_WARN_OBJC_LITERAL_CONVERSION = YES;
				CLANG_WARN_OBJC_ROOT_CLASS = YES_ERROR;
				CLANG_WARN_QUOTED_INCLUDE_IN_FRAMEWORK_HEADER = YES;
				CLANG_WARN_RANGE_LOOP_ANALYSIS = YES;
				CLANG_WARN_STRICT_PROTOTYPES = YES;
				CLANG_WARN_SUSPICIOUS_MOVE = YES;
				CLANG_WARN_UNGUARDED_AVAILABILITY = YES_AGGRESSIVE;
				CLANG_WARN_UNREACHABLE_CODE = YES;
				CLANG_WARN__DUPLICATE_METHOD_MATCH = YES;
				COPY_PHASE_STRIP = NO;
				DEBUG_INFORMATION_FORMAT = dwarf;
				ENABLE_STRICT_OBJC_MSGSEND = YES;
				ENABLE_TESTABILITY = YES;
				GCC_C_LANGUAGE_STANDARD = gnu11;
				GCC_DYNAMIC_NO_PIC = NO;
				GCC_NO_COMMON_BLOCKS = YES;
				GCC_OPTIMIZATION_LEVEL = 0;
				GCC_PREPROCESSOR_DEFINITIONS = (
					"DEBUG=1",
					"$(inherited)",
				);
				GCC_WARN_64_TO_32_BIT_CONVERSION = YES;
				GCC_WARN_ABOUT_RETURN_TYPE = YES_ERROR;
				GCC_WARN_UNDECLARED_SELECTOR = YES;
				GCC_WARN_UNINITIALIZED_AUTOS = YES_AGGRESSIVE;
				GCC_WARN_UNUSED_FUNCTION = YES;
				GCC_WARN_UNUSED_VARIABLE = YES;
				IPHONEOS_DEPLOYMENT_TARGET = 14.0;
				MTL_ENABLE_DEBUG_INFO = INCLUDE_SOURCE;
				MTL_FAST_MATH = YES;
				ONLY_ACTIVE_ARCH = YES;
				SDKROOT = iphoneos;
				SWIFT_ACTIVE_COMPILATION_CONDITIONS = DEBUG;
				SWIFT_OPTIMIZATION_LEVEL = "-Onone";
			};
			name = Debug;
		};
		94B7A6E124DDB9DE00E04D36 /* Release */ = {
			isa = XCBuildConfiguration;
			buildSettings = {
				ALWAYS_SEARCH_USER_PATHS = NO;
				CLANG_ANALYZER_NONNULL = YES;
				CLANG_ANALYZER_NUMBER_OBJECT_CONVERSION = YES_AGGRESSIVE;
				CLANG_CXX_LANGUAGE_STANDARD = "gnu++14";
				CLANG_CXX_LIBRARY = "libc++";
				CLANG_ENABLE_MODULES = YES;
				CLANG_ENABLE_OBJC_ARC = YES;
				CLANG_ENABLE_OBJC_WEAK = YES;
				CLANG_WARN_BLOCK_CAPTURE_AUTORELEASING = YES;
				CLANG_WARN_BOOL_CONVERSION = YES;
				CLANG_WARN_COMMA = YES;
				CLANG_WARN_CONSTANT_CONVERSION = YES;
				CLANG_WARN_DEPRECATED_OBJC_IMPLEMENTATIONS = YES;
				CLANG_WARN_DIRECT_OBJC_ISA_USAGE = YES_ERROR;
				CLANG_WARN_DOCUMENTATION_COMMENTS = YES;
				CLANG_WARN_EMPTY_BODY = YES;
				CLANG_WARN_ENUM_CONVERSION = YES;
				CLANG_WARN_INFINITE_RECURSION = YES;
				CLANG_WARN_INT_CONVERSION = YES;
				CLANG_WARN_NON_LITERAL_NULL_CONVERSION = YES;
				CLANG_WARN_OBJC_IMPLICIT_RETAIN_SELF = YES;
				CLANG_WARN_OBJC_LITERAL_CONVERSION = YES;
				CLANG_WARN_OBJC_ROOT_CLASS = YES_ERROR;
				CLANG_WARN_QUOTED_INCLUDE_IN_FRAMEWORK_HEADER = YES;
				CLANG_WARN_RANGE_LOOP_ANALYSIS = YES;
				CLANG_WARN_STRICT_PROTOTYPES = YES;
				CLANG_WARN_SUSPICIOUS_MOVE = YES;
				CLANG_WARN_UNGUARDED_AVAILABILITY = YES_AGGRESSIVE;
				CLANG_WARN_UNREACHABLE_CODE = YES;
				CLANG_WARN__DUPLICATE_METHOD_MATCH = YES;
				COPY_PHASE_STRIP = NO;
				DEBUG_INFORMATION_FORMAT = "dwarf-with-dsym";
				ENABLE_NS_ASSERTIONS = NO;
				ENABLE_STRICT_OBJC_MSGSEND = YES;
				GCC_C_LANGUAGE_STANDARD = gnu11;
				GCC_NO_COMMON_BLOCKS = YES;
				GCC_WARN_64_TO_32_BIT_CONVERSION = YES;
				GCC_WARN_ABOUT_RETURN_TYPE = YES_ERROR;
				GCC_WARN_UNDECLARED_SELECTOR = YES;
				GCC_WARN_UNINITIALIZED_AUTOS = YES_AGGRESSIVE;
				GCC_WARN_UNUSED_FUNCTION = YES;
				GCC_WARN_UNUSED_VARIABLE = YES;
				IPHONEOS_DEPLOYMENT_TARGET = 14.0;
				MTL_ENABLE_DEBUG_INFO = NO;
				MTL_FAST_MATH = YES;
				SDKROOT = iphoneos;
				SWIFT_COMPILATION_MODE = wholemodule;
				SWIFT_OPTIMIZATION_LEVEL = "-O";
				VALIDATE_PRODUCT = YES;
			};
			name = Release;
		};
		94B7A6E324DDB9DE00E04D36 /* Debug */ = {
			isa = XCBuildConfiguration;
			baseConfigurationReference = 47BA4DAC136D4952D9EB8AF9 /* Pods-Smack.debug.xcconfig */;
			buildSettings = {
				ASSETCATALOG_COMPILER_APPICON_NAME = AppIcon;
				ASSETCATALOG_COMPILER_GLOBAL_ACCENT_COLOR_NAME = AccentColor;
				CLANG_ENABLE_MODULES = YES;
				CODE_SIGN_STYLE = Automatic;
				DEVELOPMENT_TEAM = 78977XTL46;
				INFOPLIST_FILE = Smack/Info.plist;
				LD_RUNPATH_SEARCH_PATHS = (
					"$(inherited)",
					"@executable_path/Frameworks",
				);
				PRODUCT_BUNDLE_IDENTIFIER = com.williamRyanScott.Smack;
				PRODUCT_NAME = "$(TARGET_NAME)";
				SWIFT_OBJC_BRIDGING_HEADER = "Supporting Files/Smack-Bridging-Header.h";
				SWIFT_OPTIMIZATION_LEVEL = "-Onone";
				SWIFT_VERSION = 5.0;
				TARGETED_DEVICE_FAMILY = "1,2";
			};
			name = Debug;
		};
		94B7A6E424DDB9DE00E04D36 /* Release */ = {
			isa = XCBuildConfiguration;
			baseConfigurationReference = C5B1238E7FCF1ACBCB9140B7 /* Pods-Smack.release.xcconfig */;
			buildSettings = {
				ASSETCATALOG_COMPILER_APPICON_NAME = AppIcon;
				ASSETCATALOG_COMPILER_GLOBAL_ACCENT_COLOR_NAME = AccentColor;
				CLANG_ENABLE_MODULES = YES;
				CODE_SIGN_STYLE = Automatic;
				DEVELOPMENT_TEAM = 78977XTL46;
				INFOPLIST_FILE = Smack/Info.plist;
				LD_RUNPATH_SEARCH_PATHS = (
					"$(inherited)",
					"@executable_path/Frameworks",
				);
				PRODUCT_BUNDLE_IDENTIFIER = com.williamRyanScott.Smack;
				PRODUCT_NAME = "$(TARGET_NAME)";
				SWIFT_OBJC_BRIDGING_HEADER = "Supporting Files/Smack-Bridging-Header.h";
				SWIFT_VERSION = 5.0;
				TARGETED_DEVICE_FAMILY = "1,2";
			};
			name = Release;
		};
		94B7A6E624DDB9DE00E04D36 /* Debug */ = {
			isa = XCBuildConfiguration;
			buildSettings = {
				ALWAYS_EMBED_SWIFT_STANDARD_LIBRARIES = YES;
				BUNDLE_LOADER = "$(TEST_HOST)";
				CODE_SIGN_STYLE = Automatic;
				DEVELOPMENT_TEAM = 78977XTL46;
				INFOPLIST_FILE = SmackTests/Info.plist;
				IPHONEOS_DEPLOYMENT_TARGET = 14.0;
				LD_RUNPATH_SEARCH_PATHS = (
					"$(inherited)",
					"@executable_path/Frameworks",
					"@loader_path/Frameworks",
				);
				PRODUCT_BUNDLE_IDENTIFIER = com.williamRyanScott.SmackTests;
				PRODUCT_NAME = "$(TARGET_NAME)";
				SWIFT_VERSION = 5.0;
				TARGETED_DEVICE_FAMILY = "1,2";
				TEST_HOST = "$(BUILT_PRODUCTS_DIR)/Smack.app/Smack";
			};
			name = Debug;
		};
		94B7A6E724DDB9DE00E04D36 /* Release */ = {
			isa = XCBuildConfiguration;
			buildSettings = {
				ALWAYS_EMBED_SWIFT_STANDARD_LIBRARIES = YES;
				BUNDLE_LOADER = "$(TEST_HOST)";
				CODE_SIGN_STYLE = Automatic;
				DEVELOPMENT_TEAM = 78977XTL46;
				INFOPLIST_FILE = SmackTests/Info.plist;
				IPHONEOS_DEPLOYMENT_TARGET = 14.0;
				LD_RUNPATH_SEARCH_PATHS = (
					"$(inherited)",
					"@executable_path/Frameworks",
					"@loader_path/Frameworks",
				);
				PRODUCT_BUNDLE_IDENTIFIER = com.williamRyanScott.SmackTests;
				PRODUCT_NAME = "$(TARGET_NAME)";
				SWIFT_VERSION = 5.0;
				TARGETED_DEVICE_FAMILY = "1,2";
				TEST_HOST = "$(BUILT_PRODUCTS_DIR)/Smack.app/Smack";
			};
			name = Release;
		};
		94B7A6E924DDB9DE00E04D36 /* Debug */ = {
			isa = XCBuildConfiguration;
			buildSettings = {
				ALWAYS_EMBED_SWIFT_STANDARD_LIBRARIES = YES;
				CODE_SIGN_STYLE = Automatic;
				DEVELOPMENT_TEAM = 78977XTL46;
				INFOPLIST_FILE = SmackUITests/Info.plist;
				LD_RUNPATH_SEARCH_PATHS = (
					"$(inherited)",
					"@executable_path/Frameworks",
					"@loader_path/Frameworks",
				);
				PRODUCT_BUNDLE_IDENTIFIER = com.williamRyanScott.SmackUITests;
				PRODUCT_NAME = "$(TARGET_NAME)";
				SWIFT_VERSION = 5.0;
				TARGETED_DEVICE_FAMILY = "1,2";
				TEST_TARGET_NAME = Smack;
			};
			name = Debug;
		};
		94B7A6EA24DDB9DE00E04D36 /* Release */ = {
			isa = XCBuildConfiguration;
			buildSettings = {
				ALWAYS_EMBED_SWIFT_STANDARD_LIBRARIES = YES;
				CODE_SIGN_STYLE = Automatic;
				DEVELOPMENT_TEAM = 78977XTL46;
				INFOPLIST_FILE = SmackUITests/Info.plist;
				LD_RUNPATH_SEARCH_PATHS = (
					"$(inherited)",
					"@executable_path/Frameworks",
					"@loader_path/Frameworks",
				);
				PRODUCT_BUNDLE_IDENTIFIER = com.williamRyanScott.SmackUITests;
				PRODUCT_NAME = "$(TARGET_NAME)";
				SWIFT_VERSION = 5.0;
				TARGETED_DEVICE_FAMILY = "1,2";
				TEST_TARGET_NAME = Smack;
			};
			name = Release;
		};
/* End XCBuildConfiguration section */

/* Begin XCConfigurationList section */
		94B7A6B324DDB9DC00E04D36 /* Build configuration list for PBXProject "Smack" */ = {
			isa = XCConfigurationList;
			buildConfigurations = (
				94B7A6E024DDB9DE00E04D36 /* Debug */,
				94B7A6E124DDB9DE00E04D36 /* Release */,
			);
			defaultConfigurationIsVisible = 0;
			defaultConfigurationName = Release;
		};
		94B7A6E224DDB9DE00E04D36 /* Build configuration list for PBXNativeTarget "Smack" */ = {
			isa = XCConfigurationList;
			buildConfigurations = (
				94B7A6E324DDB9DE00E04D36 /* Debug */,
				94B7A6E424DDB9DE00E04D36 /* Release */,
			);
			defaultConfigurationIsVisible = 0;
			defaultConfigurationName = Release;
		};
		94B7A6E524DDB9DE00E04D36 /* Build configuration list for PBXNativeTarget "SmackTests" */ = {
			isa = XCConfigurationList;
			buildConfigurations = (
				94B7A6E624DDB9DE00E04D36 /* Debug */,
				94B7A6E724DDB9DE00E04D36 /* Release */,
			);
			defaultConfigurationIsVisible = 0;
			defaultConfigurationName = Release;
		};
		94B7A6E824DDB9DE00E04D36 /* Build configuration list for PBXNativeTarget "SmackUITests" */ = {
			isa = XCConfigurationList;
			buildConfigurations = (
				94B7A6E924DDB9DE00E04D36 /* Debug */,
				94B7A6EA24DDB9DE00E04D36 /* Release */,
			);
			defaultConfigurationIsVisible = 0;
			defaultConfigurationName = Release;
		};
/* End XCConfigurationList section */
	};
	rootObject = 94B7A6B024DDB9DC00E04D36 /* Project object */;
}
